// !$*UTF8*$!
{
	archiveVersion = 1;
	classes = {
	};
	objectVersion = 50;
	objects = {

/* Begin PBXBuildFile section */
		FB8A635422F1DE7A0067A3A9 /* AppDelegate.swift in Sources */ = {isa = PBXBuildFile; fileRef = FB8A635322F1DE7A0067A3A9 /* AppDelegate.swift */; };
		FB8A635622F1DE7A0067A3A9 /* ViewController.swift in Sources */ = {isa = PBXBuildFile; fileRef = FB8A635522F1DE7A0067A3A9 /* ViewController.swift */; };
		FB8A635922F1DE7A0067A3A9 /* Main.storyboard in Resources */ = {isa = PBXBuildFile; fileRef = FB8A635722F1DE7A0067A3A9 /* Main.storyboard */; };
		FB8A635B22F1DE7B0067A3A9 /* Assets.xcassets in Resources */ = {isa = PBXBuildFile; fileRef = FB8A635A22F1DE7B0067A3A9 /* Assets.xcassets */; };
		FB8A635E22F1DE7B0067A3A9 /* LaunchScreen.storyboard in Resources */ = {isa = PBXBuildFile; fileRef = FB8A635C22F1DE7B0067A3A9 /* LaunchScreen.storyboard */; };
		FB8A636822F1E57F0067A3A9 /* NextViewController.swift in Sources */ = {isa = PBXBuildFile; fileRef = FB8A636722F1E57F0067A3A9 /* NextViewController.swift */; };
/* End PBXBuildFile section */

/* Begin PBXFileReference section */
		FB8A635022F1DE7A0067A3A9 /* basicUIAssignment.app */ = {isa = PBXFileReference; explicitFileType = wrapper.application; includeInIndex = 0; path = basicUIAssignment.app; sourceTree = BUILT_PRODUCTS_DIR; };
		FB8A635322F1DE7A0067A3A9 /* AppDelegate.swift */ = {isa = PBXFileReference; lastKnownFileType = sourcecode.swift; path = AppDelegate.swift; sourceTree = "<group>"; };
		FB8A635522F1DE7A0067A3A9 /* ViewController.swift */ = {isa = PBXFileReference; lastKnownFileType = sourcecode.swift; path = ViewController.swift; sourceTree = "<group>"; };
		FB8A635822F1DE7A0067A3A9 /* Base */ = {isa = PBXFileReference; lastKnownFileType = file.storyboard; name = Base; path = Base.lproj/Main.storyboard; sourceTree = "<group>"; };
		FB8A635A22F1DE7B0067A3A9 /* Assets.xcassets */ = {isa = PBXFileReference; lastKnownFileType = folder.assetcatalog; path = Assets.xcassets; sourceTree = "<group>"; };
		FB8A635D22F1DE7B0067A3A9 /* Base */ = {isa = PBXFileReference; lastKnownFileType = file.storyboard; name = Base; path = Base.lproj/LaunchScreen.storyboard; sourceTree = "<group>"; };
		FB8A635F22F1DE7B0067A3A9 /* Info.plist */ = {isa = PBXFileReference; lastKnownFileType = text.plist.xml; path = Info.plist; sourceTree = "<group>"; };
		FB8A636722F1E57F0067A3A9 /* NextViewController.swift */ = {isa = PBXFileReference; lastKnownFileType = sourcecode.swift; path = NextViewController.swift; sourceTree = "<group>"; };
/* End PBXFileReference section */

/* Begin PBXFrameworksBuildPhase section */
		FB8A634D22F1DE7A0067A3A9 /* Frameworks */ = {
			isa = PBXFrameworksBuildPhase;
			buildActionMask = 2147483647;
			files = (
			);
			runOnlyForDeploymentPostprocessing = 0;
		};
/* End PBXFrameworksBuildPhase section */

/* Begin PBXGroup section */
		FB8A634722F1DE7A0067A3A9 = {
			isa = PBXGroup;
			children = (
				FB8A635222F1DE7A0067A3A9 /* basicUIAssignment */,
				FB8A635122F1DE7A0067A3A9 /* Products */,
			);
			sourceTree = "<group>";
		};
		FB8A635122F1DE7A0067A3A9 /* Products */ = {
			isa = PBXGroup;
			children = (
				FB8A635022F1DE7A0067A3A9 /* basicUIAssignment.app */,
			);
			name = Products;
			sourceTree = "<group>";
		};
		FB8A635222F1DE7A0067A3A9 /* basicUIAssignment */ = {
			isa = PBXGroup;
			children = (
				FB8A636622F1E5150067A3A9 /* storyboards */,
				FB8A636522F1E5060067A3A9 /* viewControllers */,
				FB8A635322F1DE7A0067A3A9 /* AppDelegate.swift */,
				FB8A635A22F1DE7B0067A3A9 /* Assets.xcassets */,
				FB8A635C22F1DE7B0067A3A9 /* LaunchScreen.storyboard */,
				FB8A635F22F1DE7B0067A3A9 /* Info.plist */,
			);
			path = basicUIAssignment;
			sourceTree = "<group>";
		};
		FB8A636522F1E5060067A3A9 /* viewControllers */ = {
			isa = PBXGroup;
			children = (
				FB8A635522F1DE7A0067A3A9 /* ViewController.swift */,
				FB8A636722F1E57F0067A3A9 /* NextViewController.swift */,
			);
			path = viewControllers;
			sourceTree = "<group>";
		};
		FB8A636622F1E5150067A3A9 /* storyboards */ = {
			isa = PBXGroup;
			children = (
				FB8A635722F1DE7A0067A3A9 /* Main.storyboard */,
			);
			path = storyboards;
			sourceTree = "<group>";
		};
/* End PBXGroup section */

/* Begin PBXNativeTarget section */
		FB8A634F22F1DE7A0067A3A9 /* basicUIAssignment */ = {
			isa = PBXNativeTarget;
			buildConfigurationList = FB8A636222F1DE7B0067A3A9 /* Build configuration list for PBXNativeTarget "basicUIAssignment" */;
			buildPhases = (
				FB8A634C22F1DE7A0067A3A9 /* Sources */,
				FB8A634D22F1DE7A0067A3A9 /* Frameworks */,
				FB8A634E22F1DE7A0067A3A9 /* Resources */,
			);
			buildRules = (
			);
			dependencies = (
			);
			name = basicUIAssignment;
			productName = basicUIAssignment;
			productReference = FB8A635022F1DE7A0067A3A9 /* basicUIAssignment.app */;
			productType = "com.apple.product-type.application";
		};
/* End PBXNativeTarget section */

/* Begin PBXProject section */
		FB8A634822F1DE7A0067A3A9 /* Project object */ = {
			isa = PBXProject;
			attributes = {
				LastSwiftUpdateCheck = 1020;
				LastUpgradeCheck = 1020;
				ORGANIZATIONNAME = "Phone Zaw Myint";
				TargetAttributes = {
					FB8A634F22F1DE7A0067A3A9 = {
						CreatedOnToolsVersion = 10.2.1;
					};
				};
			};
			buildConfigurationList = FB8A634B22F1DE7A0067A3A9 /* Build configuration list for PBXProject "basicUIAssignment" */;
			compatibilityVersion = "Xcode 9.3";
			developmentRegion = en;
			hasScannedForEncodings = 0;
			knownRegions = (
				en,
				Base,
			);
			mainGroup = FB8A634722F1DE7A0067A3A9;
			productRefGroup = FB8A635122F1DE7A0067A3A9 /* Products */;
			projectDirPath = "";
			projectRoot = "";
			targets = (
				FB8A634F22F1DE7A0067A3A9 /* basicUIAssignment */,
			);
		};
/* End PBXProject section */

/* Begin PBXResourcesBuildPhase section */
		FB8A634E22F1DE7A0067A3A9 /* Resources */ = {
			isa = PBXResourcesBuildPhase;
			buildActionMask = 2147483647;
			files = (
				FB8A635E22F1DE7B0067A3A9 /* LaunchScreen.storyboard in Resources */,
				FB8A635B22F1DE7B0067A3A9 /* Assets.xcassets in Resources */,
				FB8A635922F1DE7A0067A3A9 /* Main.storyboard in Resources */,
			);
			runOnlyForDeploymentPostprocessing = 0;
		};
/* End PBXResourcesBuildPhase section */

/* Begin PBXSourcesBuildPhase section */
		FB8A634C22F1DE7A0067A3A9 /* Sources */ = {
			isa = PBXSourcesBuildPhase;
			buildActionMask = 2147483647;
			files = (
				FB8A635622F1DE7A0067A3A9 /* ViewController.swift in Sources */,
				FB8A636822F1E57F0067A3A9 /* NextViewController.swift in Sources */,
				FB8A635422F1DE7A0067A3A9 /* AppDelegate.swift in Sources */,
			);
			runOnlyForDeploymentPostprocessing = 0;
		};
/* End PBXSourcesBuildPhase section */

/* Begin PBXVariantGroup section */
		FB8A635722F1DE7A0067A3A9 /* Main.storyboard */ = {
			isa = PBXVariantGroup;
			children = (
				FB8A635822F1DE7A0067A3A9 /* Base */,
			);
			name = Main.storyboard;
			sourceTree = "<group>";
		};
		FB8A635C22F1DE7B0067A3A9 /* LaunchScreen.storyboard */ = {
			isa = PBXVariantGroup;
			children = (
				FB8A635D22F1DE7B0067A3A9 /* Base */,
			);
			name = LaunchScreen.storyboard;
			sourceTree = "<group>";
		};
/* End PBXVariantGroup section */

/* Begin XCBuildConfiguration section */
		FB8A636022F1DE7B0067A3A9 /* Debug */ = {
			isa = XCBuildConfiguration;
			buildSettings = {
				ALWAYS_SEARCH_USER_PATHS = NO;
				CLANG_ANALYZER_NONNULL = YES;
				CLANG_ANALYZER_NUMBER_OBJECT_CONVERSION = YES_AGGRESSIVE;
				CLANG_CXX_LANGUAGE_STANDARD = "gnu++14";
				CLANG_CXX_LIBRARY = "libc++";
				CLANG_ENABLE_MODULES = YES;
				CLANG_ENABLE_OBJC_ARC = YES;
				CLANG_ENABLE_OBJC_WEAK = YES;
				CLANG_WARN_BLOCK_CAPTURE_AUTORELEASING = YES;
				CLANG_WARN_BOOL_CONVERSION = YES;
				CLANG_WARN_COMMA = YES;
				CLANG_WARN_CONSTANT_CONVERSION = YES;
				CLANG_WARN_DEPRECATED_OBJC_IMPLEMENTATIONS = YES;
				CLANG_WARN_DIRECT_OBJC_ISA_USAGE = YES_ERROR;
				CLANG_WARN_DOCUMENTATION_COMMENTS = YES;
				CLANG_WARN_EMPTY_BODY = YES;
				CLANG_WARN_ENUM_CONVERSION = YES;
				CLANG_WARN_INFINITE_RECURSION = YES;
				CLANG_WARN_INT_CONVERSION = YES;
				CLANG_WARN_NON_LITERAL_NULL_CONVERSION = YES;
				CLANG_WARN_OBJC_IMPLICIT_RETAIN_SELF = YES;
				CLANG_WARN_OBJC_LITERAL_CONVERSION = YES;
				CLANG_WARN_OBJC_ROOT_CLASS = YES_ERROR;
				CLANG_WARN_RANGE_LOOP_ANALYSIS = YES;
				CLANG_WARN_STRICT_PROTOTYPES = YES;
				CLANG_WARN_SUSPICIOUS_MOVE = YES;
				CLANG_WARN_UNGUARDED_AVAILABILITY = YES_AGGRESSIVE;
				CLANG_WARN_UNREACHABLE_CODE = YES;
				CLANG_WARN__DUPLICATE_METHOD_MATCH = YES;
				CODE_SIGN_IDENTITY = "iPhone Developer";
				COPY_PHASE_STRIP = NO;
				DEBUG_INFORMATION_FORMAT = dwarf;
				ENABLE_STRICT_OBJC_MSGSEND = YES;
				ENABLE_TESTABILITY = YES;
				GCC_C_LANGUAGE_STANDARD = gnu11;
				GCC_DYNAMIC_NO_PIC = NO;
				GCC_NO_COMMON_BLOCKS = YES;
				GCC_OPTIMIZATION_LEVEL = 0;
				GCC_PREPROCESSOR_DEFINITIONS = (
					"DEBUG=1",
					"$(inherited)",
				);
				GCC_WARN_64_TO_32_BIT_CONVERSION = YES;
				GCC_WARN_ABOUT_RETURN_TYPE = YES_ERROR;
				GCC_WARN_UNDECLARED_SELECTOR = YES;
				GCC_WARN_UNINITIALIZED_AUTOS = YES_AGGRESSIVE;
				GCC_WARN_UNUSED_FUNCTION = YES;
				GCC_WARN_UNUSED_VARIABLE = YES;
				IPHONEOS_DEPLOYMENT_TARGET = 12.2;
				MTL_ENABLE_DEBUG_INFO = INCLUDE_SOURCE;
				MTL_FAST_MATH = YES;
				ONLY_ACTIVE_ARCH = YES;
				SDKROOT = iphoneos;
				SWIFT_ACTIVE_COMPILATION_CONDITIONS = DEBUG;
				SWIFT_OPTIMIZATION_LEVEL = "-Onone";
			};
			name = Debug;
		};
		FB8A636122F1DE7B0067A3A9 /* Release */ = {
			isa = XCBuildConfiguration;
			buildSettings = {
				ALWAYS_SEARCH_USER_PATHS = NO;
				CLANG_ANALYZER_NONNULL = YES;
				CLANG_ANALYZER_NUMBER_OBJECT_CONVERSION = YES_AGGRESSIVE;
				CLANG_CXX_LANGUAGE_STANDARD = "gnu++14";
				CLANG_CXX_LIBRARY = "libc++";
				CLANG_ENABLE_MODULES = YES;
				CLANG_ENABLE_OBJC_ARC = YES;
				CLANG_ENABLE_OBJC_WEAK = YES;
				CLANG_WARN_BLOCK_CAPTURE_AUTORELEASING = YES;
				CLANG_WARN_BOOL_CONVERSION = YES;
				CLANG_WARN_COMMA = YES;
				CLANG_WARN_CONSTANT_CONVERSION = YES;
				CLANG_WARN_DEPRECATED_OBJC_IMPLEMENTATIONS = YES;
				CLANG_WARN_DIRECT_OBJC_ISA_USAGE = YES_ERROR;
				CLANG_WARN_DOCUMENTATION_COMMENTS = YES;
				CLANG_WARN_EMPTY_BODY = YES;
				CLANG_WARN_ENUM_CONVERSION = YES;
				CLANG_WARN_INFINITE_RECURSION = YES;
				CLANG_WARN_INT_CONVERSION = YES;
				CLANG_WARN_NON_LITERAL_NULL_CONVERSION = YES;
				CLANG_WARN_OBJC_IMPLICIT_RETAIN_SELF = YES;
				CLANG_WARN_OBJC_LITERAL_CONVERSION = YES;
				CLANG_WARN_OBJC_ROOT_CLASS = YES_ERROR;
				CLANG_WARN_RANGE_LOOP_ANALYSIS = YES;
				CLANG_WARN_STRICT_PROTOTYPES = YES;
				CLANG_WARN_SUSPICIOUS_MOVE = YES;
				CLANG_WARN_UNGUARDED_AVAILABILITY = YES_AGGRESSIVE;
				CLANG_WARN_UNREACHABLE_CODE = YES;
				CLANG_WARN__DUPLICATE_METHOD_MATCH = YES;
				CODE_SIGN_IDENTITY = "iPhone Developer";
				COPY_PHASE_STRIP = NO;
				DEBUG_INFORMATION_FORMAT = "dwarf-with-dsym";
				ENABLE_NS_ASSERTIONS = NO;
				ENABLE_STRICT_OBJC_MSGSEND = YES;
				GCC_C_LANGUAGE_STANDARD = gnu11;
				GCC_NO_COMMON_BLOCKS = YES;
				GCC_WARN_64_TO_32_BIT_CONVERSION = YES;
				GCC_WARN_ABOUT_RETURN_TYPE = YES_ERROR;
				GCC_WARN_UNDECLARED_SELECTOR = YES;
				GCC_WARN_UNINITIALIZED_AUTOS = YES_AGGRESSIVE;
				GCC_WARN_UNUSED_FUNCTION = YES;
				GCC_WARN_UNUSED_VARIABLE = YES;
				IPHONEOS_DEPLOYMENT_TARGET = 12.2;
				MTL_ENABLE_DEBUG_INFO = NO;
				MTL_FAST_MATH = YES;
				SDKROOT = iphoneos;
				SWIFT_COMPILATION_MODE = wholemodule;
				SWIFT_OPTIMIZATION_LEVEL = "-O";
				VALIDATE_PRODUCT = YES;
			};
			name = Release;
		};
		FB8A636322F1DE7B0067A3A9 /* Debug */ = {
			isa = XCBuildConfiguration;
			buildSettings = {
				ASSETCATALOG_COMPILER_APPICON_NAME = AppIcon;
				CODE_SIGN_STYLE = Automatic;
				INFOPLIST_FILE = basicUIAssignment/Info.plist;
				LD_RUNPATH_SEARCH_PATHS = (
					"$(inherited)",
					"@executable_path/Frameworks",
				);
				PRODUCT_BUNDLE_IDENTIFIER = com.padc.basicUIAssignment;
				PRODUCT_NAME = "$(TARGET_NAME)";
				SWIFT_VERSION = 5.0;
				TARGETED_DEVICE_FAMILY = "1,2";
			};
			name = Debug;
		};
		FB8A636422F1DE7B0067A3A9 /* Release */ = {
			isa = XCBuildConfiguration;
			buildSettings = {
				ASSETCATALOG_COMPILER_APPICON_NAME = AppIcon;
				CODE_SIGN_STYLE = Automatic;
				INFOPLIST_FILE = basicUIAssignment/Info.plist;
				LD_RUNPATH_SEARCH_PATHS = (
					"$(inherited)",
					"@executable_path/Frameworks",
				);
				PRODUCT_BUNDLE_IDENTIFIER = com.padc.basicUIAssignment;
				PRODUCT_NAME = "$(TARGET_NAME)";
				SWIFT_VERSION = 5.0;
				TARGETED_DEVICE_FAMILY = "1,2";
			};
			name = Release;
		};
/* End XCBuildConfiguration section */

/* Begin XCConfigurationList section */
		FB8A634B22F1DE7A0067A3A9 /* Build configuration list for PBXProject "basicUIAssignment" */ = {
			isa = XCConfigurationList;
			buildConfigurations = (
				FB8A636022F1DE7B0067A3A9 /* Debug */,
				FB8A636122F1DE7B0067A3A9 /* Release */,
			);
			defaultConfigurationIsVisible = 0;
			defaultConfigurationName = Release;
		};
		FB8A636222F1DE7B0067A3A9 /* Build configuration list for PBXNativeTarget "basicUIAssignment" */ = {
			isa = XCConfigurationList;
			buildConfigurations = (
				FB8A636322F1DE7B0067A3A9 /* Debug */,
				FB8A636422F1DE7B0067A3A9 /* Release */,
			);
			defaultConfigurationIsVisible = 0;
			defaultConfigurationName = Release;
		};
/* End XCConfigurationList section */
	};
	rootObject = FB8A634822F1DE7A0067A3A9 /* Project object */;
}
